
Microsoft Visual Studio Solution File, Format Version 12.00
# Visual Studio Version 17
VisualStudioVersion = 17.11.35327.3
MinimumVisualStudioVersion = 10.0.40219.1
Project("{9A19103F-16F7-4668-BE54-9A1E7A4F7556}") = "NugetVersionCopier", "NugetVersionCopier\NugetVersionCopier.csproj", "{1FF37A11-68A8-4A17-8255-CAB04BE27C51}"
EndProject
Global
	GlobalSection(SolutionConfigurationPlatforms) = preSolution
		Debug|Any CPU = Debug|Any CPU
		Release|Any CPU = Release|Any CPU
	EndGlobalSection
	GlobalSection(ProjectConfigurationPlatforms) = postSolution
		{1FF37A11-68A8-4A17-8255-CAB04BE27C51}.Debug|Any CPU.ActiveCfg = Debug|Any CPU
		{1FF37A11-68A8-4A17-8255-CAB04BE27C51}.Debug|Any CPU.Build.0 = Debug|Any CPU
		{1FF37A11-68A8-4A17-8255-CAB04BE27C51}.Release|Any CPU.ActiveCfg = Release|Any CPU
		{1FF37A11-68A8-4A17-8255-CAB04BE27C51}.Release|Any CPU.Build.0 = Release|Any CPU
	EndGlobalSection
	GlobalSection(SolutionProperties) = preSolution
		HideSolutionNode = FALSE
	EndGlobalSection
	GlobalSection(ExtensibilityGlobals) = postSolution
		SolutionGuid = {844FC5F2-C04C-41EA-9856-C27C3CBEDB16}
	EndGlobalSection
EndGlobal
